{
  "version": 4,
  "terraform_version": "1.7.5",
  "serial": 31,
  "lineage": "b0fd9dd7-c78c-a92a-4d3b-dd2efa15bbc7",
  "outputs": {
    "service_uri": {
      "value": "https://frontend-service-1-fyde3s2zoq-uc.a.run.app",
      "type": "string"
    }
  },
  "resources": [
    {
      "module": "module.three_tier_app_backend",
      "mode": "managed",
      "type": "google_cloud_run_v2_service",
      "name": "main",
      "provider": "provider[\"registry.terraform.io/hashicorp/google-beta\"]",
      "instances": [
        {
          "schema_version": 0,
          "attributes": {
            "annotations": {},
            "binary_authorization": [],
            "client": "",
            "client_version": "",
            "conditions": [
              {
                "execution_reason": "",
                "last_transition_time": "2024-10-11T07:47:27.376463Z",
                "message": "",
                "reason": "",
                "revision_reason": "",
                "severity": "",
                "state": "CONDITION_SUCCEEDED",
                "type": "RoutesReady"
              },
              {
                "execution_reason": "",
                "last_transition_time": "2024-10-11T07:25:50.255411Z",
                "message": "",
                "reason": "",
                "revision_reason": "",
                "severity": "",
                "state": "CONDITION_SUCCEEDED",
                "type": "ConfigurationsReady"
              }
            ],
            "create_time": "2024-10-11T07:25:50.171258Z",
            "creator": "abhiwa@google.com",
            "custom_audiences": [],
            "default_uri_disabled": false,
            "delete_time": "",
            "description": "",
            "effective_annotations": {},
            "effective_labels": {},
            "etag": "\"CNyvo7gGEMDhmwE/cHJvamVjdHMvYWJoaXdhLXRlc3QtMzAxMTIwMjMvbG9jYXRpb25zL3VzLWNlbnRyYWwxL3NlcnZpY2VzL2JhY2tlbmQtc2VydmljZS0x\"",
            "expire_time": "",
            "generation": "2",
            "id": "projects/abhiwa-test-30112023/locations/us-central1/services/backend-service-1",
            "ingress": "INGRESS_TRAFFIC_ALL",
            "labels": {},
            "last_modifier": "abhiwa@google.com",
            "latest_created_revision": "projects/abhiwa-test-30112023/locations/us-central1/services/backend-service-1/revisions/backend-service-1-00002-dcs",
            "latest_ready_revision": "projects/abhiwa-test-30112023/locations/us-central1/services/backend-service-1/revisions/backend-service-1-00002-dcs",
            "launch_stage": "GA",
            "location": "us-central1",
            "name": "backend-service-1",
            "observed_generation": "2",
            "project": "abhiwa-test-30112023",
            "reconciling": false,
            "scaling": [],
            "template": [
              {
                "annotations": {},
                "containers": [
                  {
                    "args": [],
                    "command": [],
                    "depends_on": [],
                    "env": [
                      {
                        "name": "CLOUD_SQL_DATABASE_CONNECTION_NAME",
                        "value": "abhiwa-test-30112023:us-central1:database-instance-1",
                        "value_source": []
                      },
                      {
                        "name": "CLOUD_SQL_DATABASE_HOST",
                        "value": "34.46.69.124",
                        "value_source": []
                      },
                      {
                        "name": "CLOUD_SQL_DATABASE_NAME",
                        "value": "database",
                        "value_source": []
                      },
                      {
                        "name": "REDIS_HOST",
                        "value": "10.170.238.211",
                        "value_source": []
                      },
                      {
                        "name": "REDIS_PORT",
                        "value": "6379",
                        "value_source": []
                      },
                      {
                        "name": "SERVICE_ACCOUNT",
                        "value": "backend-service-1-us-centra-sa@abhiwa-test-30112023.iam.gserviceaccount.com",
                        "value_source": []
                      }
                    ],
                    "image": "gcr.io/abhiwa-test-30112023/three-tier-app-be:latest",
                    "liveness_probe": [],
                    "name": "",
                    "ports": [
                      {
                        "container_port": 80,
                        "name": "http1"
                      }
                    ],
                    "resources": [
                      {
                        "cpu_idle": true,
                        "limits": {
                          "cpu": "1000m",
                          "memory": "512Mi"
                        },
                        "startup_cpu_boost": false
                      }
                    ],
                    "startup_probe": [
                      {
                        "failure_threshold": 1,
                        "grpc": [],
                        "http_get": [],
                        "initial_delay_seconds": 0,
                        "period_seconds": 240,
                        "tcp_socket": [
                          {
                            "port": 80
                          }
                        ],
                        "timeout_seconds": 240
                      }
                    ],
                    "volume_mounts": [],
                    "working_dir": ""
                  }
                ],
                "encryption_key": "",
                "execution_environment": "EXECUTION_ENVIRONMENT_GEN2",
                "labels": {},
                "max_instance_request_concurrency": 80,
                "revision": "",
                "scaling": [
                  {
                    "max_instance_count": 4,
                    "min_instance_count": 0
                  }
                ],
                "service_account": "backend-service-1-us-centra-sa@abhiwa-test-30112023.iam.gserviceaccount.com",
                "session_affinity": false,
                "timeout": "300s",
                "volumes": [],
                "vpc_access": [
                  {
                    "connector": "",
                    "egress": "PRIVATE_RANGES_ONLY",
                    "network_interfaces": [
                      {
                        "network": "default",
                        "subnetwork": "default",
                        "tags": []
                      }
                    ]
                  }
                ]
              }
            ],
            "terminal_condition": [
              {
                "execution_reason": "",
                "last_transition_time": "2024-10-11T07:47:27.403600Z",
                "message": "",
                "reason": "",
                "revision_reason": "",
                "severity": "",
                "state": "CONDITION_SUCCEEDED",
                "type": "Ready"
              }
            ],
            "terraform_labels": {},
            "timeouts": null,
            "traffic": [
              {
                "percent": 100,
                "revision": "",
                "tag": "",
                "type": "TRAFFIC_TARGET_ALLOCATION_TYPE_LATEST"
              }
            ],
            "traffic_statuses": [
              {
                "percent": 100,
                "revision": "",
                "tag": "",
                "type": "TRAFFIC_TARGET_ALLOCATION_TYPE_LATEST",
                "uri": ""
              }
            ],
            "uid": "a43c5f61-6462-4dad-a8f9-318e86468ab0",
            "update_time": "2024-10-11T07:46:36.002552Z",
            "uri": "https://backend-service-1-fyde3s2zoq-uc.a.run.app"
          },
          "sensitive_attributes": [],
          "private": "eyJlMmJmYjczMC1lY2FhLTExZTYtOGY4OC0zNDM2M2JjN2M0YzAiOnsiY3JlYXRlIjoxMjAwMDAwMDAwMDAwLCJkZWxldGUiOjEyMDAwMDAwMDAwMDAsInVwZGF0ZSI6MTIwMDAwMDAwMDAwMH19",
          "dependencies": [
            "module.three_tier_app_backend.google_service_account.sa",
            "module.three_tier_app_cache.google_redis_instance.default",
            "module.three_tier_app_cache.module.enable_apis.data.google_compute_default_service_account.default",
            "module.three_tier_app_cache.module.enable_apis.google_project_iam_member.project_service_identity_roles",
            "module.three_tier_app_cache.module.enable_apis.google_project_service.project_services",
            "module.three_tier_app_cache.module.enable_apis.google_project_service_identity.project_service_identities",
            "module.three_tier_app_database.google_sql_database_instance.default",
            "module.three_tier_app_database.null_resource.module_depends_on",
            "module.three_tier_app_database.random_id.suffix"
          ]
        }
      ]
    },
    {
      "module": "module.three_tier_app_backend",
      "mode": "managed",
      "type": "google_cloud_run_v2_service_iam_member",
      "name": "authorize",
      "provider": "provider[\"registry.terraform.io/hashicorp/google\"]",
      "instances": [
        {
          "index_key": "allUsers",
          "schema_version": 0,
          "attributes": {
            "condition": [],
            "etag": "BwYkLmem56k=",
            "id": "projects/abhiwa-test-30112023/locations/us-central1/services/backend-service-1/roles/run.invoker/allUsers",
            "location": "us-central1",
            "member": "allUsers",
            "name": "projects/abhiwa-test-30112023/locations/us-central1/services/backend-service-1",
            "project": "abhiwa-test-30112023",
            "role": "roles/run.invoker"
          },
          "sensitive_attributes": [],
          "private": "bnVsbA==",
          "dependencies": [
            "module.three_tier_app_backend.google_cloud_run_v2_service.main",
            "module.three_tier_app_backend.google_service_account.sa",
            "module.three_tier_app_cache.google_redis_instance.default",
            "module.three_tier_app_cache.module.enable_apis.data.google_compute_default_service_account.default",
            "module.three_tier_app_cache.module.enable_apis.google_project_iam_member.project_service_identity_roles",
            "module.three_tier_app_cache.module.enable_apis.google_project_service.project_services",
            "module.three_tier_app_cache.module.enable_apis.google_project_service_identity.project_service_identities",
            "module.three_tier_app_database.google_sql_database_instance.default",
            "module.three_tier_app_database.null_resource.module_depends_on",
            "module.three_tier_app_database.random_id.suffix"
          ]
        }
      ]
    },
    {
      "module": "module.three_tier_app_backend",
      "mode": "managed",
      "type": "google_project_iam_member",
      "name": "roles",
      "provider": "provider[\"registry.terraform.io/hashicorp/google\"]",
      "instances": [
        {
          "index_key": "roles/cloudsql.client",
          "schema_version": 0,
          "attributes": {
            "condition": [],
            "etag": "BwYkLbgKg7A=",
            "id": "abhiwa-test-30112023/roles/cloudsql.client/serviceAccount:backend-service-1-us-centra-sa@abhiwa-test-30112023.iam.gserviceaccount.com",
            "member": "serviceAccount:backend-service-1-us-centra-sa@abhiwa-test-30112023.iam.gserviceaccount.com",
            "project": "abhiwa-test-30112023",
            "role": "roles/cloudsql.client"
          },
          "sensitive_attributes": [],
          "private": "bnVsbA==",
          "dependencies": [
            "module.three_tier_app_backend.google_service_account.sa"
          ]
        },
        {
          "index_key": "roles/cloudsql.instanceUser",
          "schema_version": 0,
          "attributes": {
            "condition": [],
            "etag": "BwYkLbgKg7A=",
            "id": "abhiwa-test-30112023/roles/cloudsql.instanceUser/serviceAccount:backend-service-1-us-centra-sa@abhiwa-test-30112023.iam.gserviceaccount.com",
            "member": "serviceAccount:backend-service-1-us-centra-sa@abhiwa-test-30112023.iam.gserviceaccount.com",
            "project": "abhiwa-test-30112023",
            "role": "roles/cloudsql.instanceUser"
          },
          "sensitive_attributes": [],
          "private": "bnVsbA==",
          "dependencies": [
            "module.three_tier_app_backend.google_service_account.sa"
          ]
        }
      ]
    },
    {
      "module": "module.three_tier_app_backend",
      "mode": "managed",
      "type": "google_service_account",
      "name": "sa",
      "provider": "provider[\"registry.terraform.io/hashicorp/google\"]",
      "instances": [
        {
          "index_key": 0,
          "schema_version": 0,
          "attributes": {
            "account_id": "backend-service-1-us-centra-sa",
            "create_ignore_already_exists": null,
            "description": "",
            "disabled": false,
            "display_name": "Service account for backend-service-1 in us-central1",
            "email": "backend-service-1-us-centra-sa@abhiwa-test-30112023.iam.gserviceaccount.com",
            "id": "projects/abhiwa-test-30112023/serviceAccounts/backend-service-1-us-centra-sa@abhiwa-test-30112023.iam.gserviceaccount.com",
            "member": "serviceAccount:backend-service-1-us-centra-sa@abhiwa-test-30112023.iam.gserviceaccount.com",
            "name": "projects/abhiwa-test-30112023/serviceAccounts/backend-service-1-us-centra-sa@abhiwa-test-30112023.iam.gserviceaccount.com",
            "project": "abhiwa-test-30112023",
            "timeouts": null,
            "unique_id": "110968762946863468717"
          },
          "sensitive_attributes": [],
          "private": "eyJlMmJmYjczMC1lY2FhLTExZTYtOGY4OC0zNDM2M2JjN2M0YzAiOnsiY3JlYXRlIjozMDAwMDAwMDAwMDB9fQ=="
        }
      ]
    },
    {
      "module": "module.three_tier_app_cache",
      "mode": "managed",
      "type": "google_redis_instance",
      "name": "default",
      "provider": "provider[\"registry.terraform.io/hashicorp/google\"]",
      "instances": [
        {
          "schema_version": 0,
          "attributes": {
            "alternative_location_id": "",
            "auth_enabled": false,
            "auth_string": "",
            "authorized_network": "projects/abhiwa-test-30112023/global/networks/default",
            "connect_mode": "DIRECT_PEERING",
            "create_time": "2024-10-11T06:37:04.803847801Z",
            "current_location_id": "us-central1-a",
            "customer_managed_key": "",
            "display_name": "",
            "effective_labels": {},
            "host": "10.170.238.211",
            "id": "projects/abhiwa-test-30112023/locations/us-central1/instances/redis-instance-1",
            "labels": {},
            "location_id": "us-central1-a",
            "maintenance_policy": [],
            "maintenance_schedule": [],
            "maintenance_version": "20240411_00_00",
            "memory_size_gb": 1,
            "name": "redis-instance-1",
            "nodes": [
              {
                "id": "node-0",
                "zone": "us-central1-a"
              }
            ],
            "persistence_config": [
              {
                "persistence_mode": "DISABLED",
                "rdb_next_snapshot_time": "",
                "rdb_snapshot_period": "",
                "rdb_snapshot_start_time": ""
              }
            ],
            "persistence_iam_identity": "serviceAccount:service-960586730010@cloud-redis.iam.gserviceaccount.com",
            "port": 6379,
            "project": "abhiwa-test-30112023",
            "read_endpoint": "",
            "read_endpoint_port": 0,
            "read_replicas_mode": "READ_REPLICAS_DISABLED",
            "redis_configs": {},
            "redis_version": "REDIS_6_X",
            "region": "us-central1",
            "replica_count": 0,
            "reserved_ip_range": null,
            "secondary_ip_range": "",
            "server_ca_certs": [],
            "terraform_labels": {},
            "tier": "BASIC",
            "timeouts": null,
            "transit_encryption_mode": "DISABLED"
          },
          "sensitive_attributes": [],
          "private": "eyJlMmJmYjczMC1lY2FhLTExZTYtOGY4OC0zNDM2M2JjN2M0YzAiOnsiY3JlYXRlIjoxMjAwMDAwMDAwMDAwLCJkZWxldGUiOjEyMDAwMDAwMDAwMDAsInVwZGF0ZSI6MTIwMDAwMDAwMDAwMH19",
          "dependencies": [
            "module.three_tier_app_cache.module.enable_apis.data.google_compute_default_service_account.default",
            "module.three_tier_app_cache.module.enable_apis.google_project_iam_member.project_service_identity_roles",
            "module.three_tier_app_cache.module.enable_apis.google_project_service.project_services",
            "module.three_tier_app_cache.module.enable_apis.google_project_service_identity.project_service_identities"
          ]
        }
      ]
    },
    {
      "module": "module.three_tier_app_cache.module.enable_apis",
      "mode": "managed",
      "type": "google_project_service",
      "name": "project_services",
      "provider": "provider[\"registry.terraform.io/hashicorp/google\"]",
      "instances": [
        {
          "index_key": "redis.googleapis.com",
          "schema_version": 0,
          "attributes": {
            "disable_dependent_services": false,
            "disable_on_destroy": false,
            "id": "abhiwa-test-30112023/redis.googleapis.com",
            "project": "abhiwa-test-30112023",
            "service": "redis.googleapis.com",
            "timeouts": null
          },
          "sensitive_attributes": [],
          "private": "eyJlMmJmYjczMC1lY2FhLTExZTYtOGY4OC0zNDM2M2JjN2M0YzAiOnsiY3JlYXRlIjoxMjAwMDAwMDAwMDAwLCJkZWxldGUiOjEyMDAwMDAwMDAwMDAsInJlYWQiOjYwMDAwMDAwMDAwMCwidXBkYXRlIjoxMjAwMDAwMDAwMDAwfX0="
        }
      ]
    },
    {
      "module": "module.three_tier_app_database",
      "mode": "data",
      "type": "google_compute_zones",
      "name": "available",
      "provider": "provider[\"registry.terraform.io/hashicorp/google\"]",
      "instances": [
        {
          "index_key": 0,
          "schema_version": 0,
          "attributes": {
            "id": "projects/abhiwa-test-30112023/regions/us-central1",
            "names": [
              "us-central1-a",
              "us-central1-b",
              "us-central1-c",
              "us-central1-f"
            ],
            "project": "abhiwa-test-30112023",
            "region": "us-central1",
            "status": null
          },
          "sensitive_attributes": []
        }
      ]
    },
    {
      "module": "module.three_tier_app_database",
      "mode": "managed",
      "type": "google_sql_database",
      "name": "default",
      "provider": "provider[\"registry.terraform.io/hashicorp/google\"]",
      "instances": [
        {
          "index_key": 0,
          "schema_version": 0,
          "attributes": {
            "charset": "UTF8",
            "collation": "en_US.UTF8",
            "deletion_policy": "ABANDON",
            "id": "projects/abhiwa-test-30112023/instances/database-instance-1/databases/database",
            "instance": "database-instance-1",
            "name": "database",
            "project": "abhiwa-test-30112023",
            "self_link": "https://sqladmin.googleapis.com/sql/v1beta4/projects/abhiwa-test-30112023/instances/database-instance-1/databases/database",
            "timeouts": null
          },
          "sensitive_attributes": [],
          "private": "eyJlMmJmYjczMC1lY2FhLTExZTYtOGY4OC0zNDM2M2JjN2M0YzAiOnsiY3JlYXRlIjoxMjAwMDAwMDAwMDAwLCJkZWxldGUiOjEyMDAwMDAwMDAwMDAsInVwZGF0ZSI6MTIwMDAwMDAwMDAwMH19",
          "dependencies": [
            "module.three_tier_app_database.google_sql_database_instance.default",
            "module.three_tier_app_database.null_resource.module_depends_on",
            "module.three_tier_app_database.random_id.suffix"
          ]
        }
      ]
    },
    {
      "module": "module.three_tier_app_database",
      "mode": "managed",
      "type": "google_sql_database_instance",
      "name": "default",
      "provider": "provider[\"registry.terraform.io/hashicorp/google-beta\"]",
      "instances": [
        {
          "schema_version": 0,
          "attributes": {
            "available_maintenance_versions": [],
            "clone": [],
            "connection_name": "abhiwa-test-30112023:us-central1:database-instance-1",
            "database_version": "POSTGRES_14",
            "deletion_protection": false,
            "dns_name": "",
            "encryption_key_name": null,
            "first_ip_address": "34.46.69.124",
            "id": "database-instance-1",
            "instance_type": "CLOUD_SQL_INSTANCE",
            "ip_address": [
              {
                "ip_address": "34.46.69.124",
                "time_to_retire": "",
                "type": "PRIMARY"
              },
              {
                "ip_address": "34.133.131.167",
                "time_to_retire": "",
                "type": "OUTGOING"
              }
            ],
            "maintenance_version": "POSTGRES_14_13.R20240910.01_02",
            "master_instance_name": "",
            "name": "database-instance-1",
            "private_ip_address": "",
            "project": "abhiwa-test-30112023",
            "psc_service_attachment_link": "",
            "public_ip_address": "34.46.69.124",
            "region": "us-central1",
            "replica_configuration": [],
            "restore_backup_context": [],
            "root_password": null,
            "self_link": "https://sqladmin.googleapis.com/sql/v1beta4/projects/abhiwa-test-30112023/instances/database-instance-1",
            "server_ca_cert": [
              {
                "cert": "-----BEGIN CERTIFICATE-----\nMIIDfzCCAmegAwIBAgIBADANBgkqhkiG9w0BAQsFADB3MS0wKwYDVQQuEyQyMTRl\nZGYxNi1mMWI3LTRkNmItOTQ4Yy0yOTExNGU3MzIwMDcxIzAhBgNVBAMTGkdvb2ds\nZSBDbG91ZCBTUUwgU2VydmVyIENBMRQwEgYDVQQKEwtHb29nbGUsIEluYzELMAkG\nA1UEBhMCVVMwHhcNMjQxMDExMDYzNzIzWhcNMzQxMDA5MDYzODIzWjB3MS0wKwYD\nVQQuEyQyMTRlZGYxNi1mMWI3LTRkNmItOTQ4Yy0yOTExNGU3MzIwMDcxIzAhBgNV\nBAMTGkdvb2dsZSBDbG91ZCBTUUwgU2VydmVyIENBMRQwEgYDVQQKEwtHb29nbGUs\nIEluYzELMAkGA1UEBhMCVVMwggEiMA0GCSqGSIb3DQEBAQUAA4IBDwAwggEKAoIB\nAQChDuRiaL+FjLs4A06PcV9wKBCscScSZGALS/GnZy4oTDhQ2imlD1nS0JhuvVE/\nhWvwFpdjk6moIRMr2CzoLD8bEV1VYMEvQzA5Ffz791G6GCEgG3SUctDV+k9ScBCm\n08KJohQyzROzZ8u+1H+5Wg2/HAcsDOh9BfL9X3Lc96IYHqyVAvmJyL2Le8AiSid5\njqp9v6BkoYYoRXmJ5p7WjFh2t49mfEKeROIeayVf5hmKCdvsNzrlRQUUxgnbRqO/\nWysRNEURys9iM48BLmX3md7QenUFCwnf7MZG3zoN7+oMXqwqXiL+wML4bCHypZZy\nubDwr95wm/dY6WmxAEKJCD0zAgMBAAGjFjAUMBIGA1UdEwEB/wQIMAYBAf8CAQAw\nDQYJKoZIhvcNAQELBQADggEBAGX8d1iIpP565ladBoSMIYp5aZaTeu7LQkS3njCW\n9tdVGbRAfc3L9yPEWhFyUbM/jwv8p+MILTB9Kam9RRAy4qV+je4eqSBX2Wuklx7G\nse8zkwW4DclXd2h/0gVEkWXZtNVJpJgPyqNBKVtP4/cJaAZUHCTtK7O3OKVBkQgQ\nnT/3PbsGwhOxp/zVekWGmpb69V7vSgh+UwuEb0Mi5daXW2mQ2FEJZD9fP5K/zpT0\nwJcNnveDRpO4dhEtsYXxobNc0e2L9GUoHR2j9ZQqwzJizyHX0dSd+comI2azKuur\nBcIFkO8esgFZe2bYNed4QM5cQgxzyrNJS47Lx3yAWMLHwNs=\n-----END CERTIFICATE-----",
                "common_name": "C=US,O=Google\\, Inc,CN=Google Cloud SQL Server CA,dnQualifier=214edf16-f1b7-4d6b-948c-29114e732007",
                "create_time": "2024-10-11T06:37:23.960Z",
                "expiration_time": "2034-10-09T06:38:23.960Z",
                "sha1_fingerprint": "e4f6501f7d1981f3bcce418b4a719308de6a2d65"
              }
            ],
            "service_account_email_address": "p960586730010-0bxwm4@gcp-sa-cloud-sql.iam.gserviceaccount.com",
            "settings": [
              {
                "activation_policy": "ALWAYS",
                "active_directory_config": [],
                "advanced_machine_features": [],
                "availability_type": "ZONAL",
                "backup_configuration": [
                  {
                    "backup_retention_settings": [
                      {
                        "retained_backups": 7,
                        "retention_unit": "COUNT"
                      }
                    ],
                    "binary_log_enabled": false,
                    "enabled": false,
                    "location": "",
                    "point_in_time_recovery_enabled": false,
                    "start_time": "08:00",
                    "transaction_log_retention_days": 7
                  }
                ],
                "collation": "",
                "connector_enforcement": "NOT_REQUIRED",
                "data_cache_config": [],
                "database_flags": [
                  {
                    "name": "cloudsql.iam_authentication",
                    "value": "on"
                  }
                ],
                "deletion_protection_enabled": false,
                "deny_maintenance_period": [],
                "disk_autoresize": true,
                "disk_autoresize_limit": 0,
                "disk_size": 10,
                "disk_type": "PD_SSD",
                "edition": "ENTERPRISE",
                "enable_dataplex_integration": false,
                "enable_google_ml_integration": false,
                "insights_config": [],
                "ip_configuration": [
                  {
                    "allocated_ip_range": "",
                    "authorized_networks": [],
                    "enable_private_path_for_google_cloud_services": false,
                    "ipv4_enabled": true,
                    "private_network": "",
                    "psc_config": [],
                    "require_ssl": false,
                    "server_ca_mode": "GOOGLE_MANAGED_INTERNAL_CA",
                    "ssl_mode": ""
                  }
                ],
                "location_preference": [
                  {
                    "follow_gae_application": "",
                    "secondary_zone": "",
                    "zone": "us-central1-c"
                  }
                ],
                "maintenance_window": [
                  {
                    "day": 1,
                    "hour": 23,
                    "update_track": "canary"
                  }
                ],
                "password_validation_policy": [],
                "pricing_plan": "PER_USE",
                "sql_server_audit_config": [],
                "tier": "db-f1-micro",
                "time_zone": "",
                "user_labels": {},
                "version": 1
              }
            ],
            "timeouts": {
              "create": "30m",
              "delete": "30m",
              "update": "30m"
            }
          },
          "sensitive_attributes": [],
          "private": "eyJlMmJmYjczMC1lY2FhLTExZTYtOGY4OC0zNDM2M2JjN2M0YzAiOnsiY3JlYXRlIjoxODAwMDAwMDAwMDAwLCJkZWxldGUiOjE4MDAwMDAwMDAwMDAsInVwZGF0ZSI6MTgwMDAwMDAwMDAwMH19",
          "dependencies": [
            "module.three_tier_app_database.null_resource.module_depends_on",
            "module.three_tier_app_database.random_id.suffix"
          ]
        }
      ]
    },
    {
      "module": "module.three_tier_app_database",
      "mode": "managed",
      "type": "google_sql_user",
      "name": "iam_account",
      "provider": "provider[\"registry.terraform.io/hashicorp/google\"]",
      "instances": [
        {
          "index_key": "backend-service-1-us-centra-sa",
          "schema_version": 1,
          "attributes": {
            "deletion_policy": "ABANDON",
            "host": "",
            "id": "backend-service-1-us-centra-sa@abhiwa-test-30112023.iam//database-instance-1",
            "instance": "database-instance-1",
            "name": "backend-service-1-us-centra-sa@abhiwa-test-30112023.iam",
            "password": null,
            "password_policy": [],
            "project": "abhiwa-test-30112023",
            "sql_server_user_details": [],
            "timeouts": null,
            "type": "CLOUD_IAM_SERVICE_ACCOUNT"
          },
          "sensitive_attributes": [],
          "private": "eyJlMmJmYjczMC1lY2FhLTExZTYtOGY4OC0zNDM2M2JjN2M0YzAiOnsiY3JlYXRlIjo2MDAwMDAwMDAwMDAsImRlbGV0ZSI6NjAwMDAwMDAwMDAwLCJ1cGRhdGUiOjYwMDAwMDAwMDAwMH0sInNjaGVtYV92ZXJzaW9uIjoiMSJ9",
          "dependencies": [
            "module.three_tier_app_backend.google_service_account.sa",
            "module.three_tier_app_database.google_sql_database_instance.default",
            "module.three_tier_app_database.null_resource.module_depends_on",
            "module.three_tier_app_database.random_id.suffix"
          ]
        }
      ]
    },
    {
      "module": "module.three_tier_app_database",
      "mode": "managed",
      "type": "null_resource",
      "name": "module_depends_on",
      "provider": "provider[\"registry.terraform.io/hashicorp/null\"]",
      "instances": [
        {
          "schema_version": 0,
          "attributes": {
            "id": "7946746568273289364",
            "triggers": {
              "value": "0"
            }
          },
          "sensitive_attributes": []
        }
      ]
    },
    {
      "module": "module.three_tier_app_frontend",
      "mode": "managed",
      "type": "google_cloud_run_v2_service",
      "name": "main",
      "provider": "provider[\"registry.terraform.io/hashicorp/google-beta\"]",
      "instances": [
        {
          "schema_version": 0,
          "attributes": {
            "annotations": {},
            "binary_authorization": [],
            "client": "",
            "client_version": "",
            "conditions": [
              {
                "execution_reason": "",
                "last_transition_time": "2024-10-11T07:36:32.315160Z",
                "message": "",
                "reason": "",
                "revision_reason": "",
                "severity": "",
                "state": "CONDITION_SUCCEEDED",
                "type": "RoutesReady"
              },
              {
                "execution_reason": "",
                "last_transition_time": "2024-10-11T07:26:24.470893Z",
                "message": "",
                "reason": "",
                "revision_reason": "",
                "severity": "",
                "state": "CONDITION_SUCCEEDED",
                "type": "ConfigurationsReady"
              }
            ],
            "create_time": "2024-10-11T07:26:24.383941Z",
            "creator": "abhiwa@google.com",
            "custom_audiences": [],
            "default_uri_disabled": false,
            "delete_time": "",
            "description": "",
            "effective_annotations": {},
            "effective_labels": {},
            "etag": "\"CNKqo7gGEMio3-wC/cHJvamVjdHMvYWJoaXdhLXRlc3QtMzAxMTIwMjMvbG9jYXRpb25zL3VzLWNlbnRyYWwxL3NlcnZpY2VzL2Zyb250ZW5kLXNlcnZpY2UtMQ\"",
            "expire_time": "",
            "generation": "2",
            "id": "projects/abhiwa-test-30112023/locations/us-central1/services/frontend-service-1",
            "ingress": "INGRESS_TRAFFIC_ALL",
            "labels": {},
            "last_modifier": "abhiwa@google.com",
            "latest_created_revision": "projects/abhiwa-test-30112023/locations/us-central1/services/frontend-service-1/revisions/frontend-service-1-00002-925",
            "latest_ready_revision": "projects/abhiwa-test-30112023/locations/us-central1/services/frontend-service-1/revisions/frontend-service-1-00002-925",
            "launch_stage": "GA",
            "location": "us-central1",
            "name": "frontend-service-1",
            "observed_generation": "2",
            "project": "abhiwa-test-30112023",
            "reconciling": false,
            "scaling": [],
            "template": [
              {
                "annotations": {},
                "containers": [
                  {
                    "args": [],
                    "command": [],
                    "depends_on": [],
                    "env": [
                      {
                        "name": "SERVICE_ENDPOINT",
                        "value": "https://backend-service-1-fyde3s2zoq-uc.a.run.app",
                        "value_source": []
                      }
                    ],
                    "image": "gcr.io/abhiwa-test-30112023/three-tier-app-fe:latest",
                    "liveness_probe": [],
                    "name": "",
                    "ports": [
                      {
                        "container_port": 80,
                        "name": "http1"
                      }
                    ],
                    "resources": [
                      {
                        "cpu_idle": true,
                        "limits": {
                          "cpu": "1000m",
                          "memory": "512Mi"
                        },
                        "startup_cpu_boost": false
                      }
                    ],
                    "startup_probe": [
                      {
                        "failure_threshold": 1,
                        "grpc": [],
                        "http_get": [],
                        "initial_delay_seconds": 0,
                        "period_seconds": 240,
                        "tcp_socket": [
                          {
                            "port": 80
                          }
                        ],
                        "timeout_seconds": 240
                      }
                    ],
                    "volume_mounts": [],
                    "working_dir": ""
                  }
                ],
                "encryption_key": "",
                "execution_environment": "EXECUTION_ENVIRONMENT_GEN2",
                "labels": {},
                "max_instance_request_concurrency": 80,
                "revision": "",
                "scaling": [
                  {
                    "max_instance_count": 100,
                    "min_instance_count": 0
                  }
                ],
                "service_account": "960586730010-compute@developer.gserviceaccount.com",
                "session_affinity": false,
                "timeout": "300s",
                "volumes": [],
                "vpc_access": []
              }
            ],
            "terminal_condition": [
              {
                "execution_reason": "",
                "last_transition_time": "2024-10-11T07:36:32.348072Z",
                "message": "",
                "reason": "",
                "revision_reason": "",
                "severity": "",
                "state": "CONDITION_SUCCEEDED",
                "type": "Ready"
              }
            ],
            "terraform_labels": {},
            "timeouts": null,
            "traffic": [
              {
                "percent": 100,
                "revision": "",
                "tag": "",
                "type": "TRAFFIC_TARGET_ALLOCATION_TYPE_LATEST"
              }
            ],
            "traffic_statuses": [
              {
                "percent": 100,
                "revision": "",
                "tag": "",
                "type": "TRAFFIC_TARGET_ALLOCATION_TYPE_LATEST",
                "uri": ""
              }
            ],
            "uid": "a4c8ee15-ed83-44da-855f-c1a614ee24c9",
            "update_time": "2024-10-11T07:35:46.764925Z",
            "uri": "https://frontend-service-1-fyde3s2zoq-uc.a.run.app"
          },
          "sensitive_attributes": [],
          "private": "eyJlMmJmYjczMC1lY2FhLTExZTYtOGY4OC0zNDM2M2JjN2M0YzAiOnsiY3JlYXRlIjoxMjAwMDAwMDAwMDAwLCJkZWxldGUiOjEyMDAwMDAwMDAwMDAsInVwZGF0ZSI6MTIwMDAwMDAwMDAwMH19",
          "dependencies": [
            "module.three_tier_app_backend.google_cloud_run_v2_service.main",
            "module.three_tier_app_backend.google_service_account.sa",
            "module.three_tier_app_cache.google_redis_instance.default",
            "module.three_tier_app_cache.module.enable_apis.data.google_compute_default_service_account.default",
            "module.three_tier_app_cache.module.enable_apis.google_project_iam_member.project_service_identity_roles",
            "module.three_tier_app_cache.module.enable_apis.google_project_service.project_services",
            "module.three_tier_app_cache.module.enable_apis.google_project_service_identity.project_service_identities",
            "module.three_tier_app_database.google_sql_database_instance.default",
            "module.three_tier_app_database.null_resource.module_depends_on",
            "module.three_tier_app_database.random_id.suffix",
            "module.three_tier_app_frontend.google_service_account.sa"
          ]
        }
      ]
    },
    {
      "module": "module.three_tier_app_frontend",
      "mode": "managed",
      "type": "google_cloud_run_v2_service_iam_member",
      "name": "authorize",
      "provider": "provider[\"registry.terraform.io/hashicorp/google\"]",
      "instances": [
        {
          "index_key": "allUsers",
          "schema_version": 0,
          "attributes": {
            "condition": [],
            "etag": "BwYkLmhWk6M=",
            "id": "projects/abhiwa-test-30112023/locations/us-central1/services/frontend-service-1/roles/run.invoker/allUsers",
            "location": "us-central1",
            "member": "allUsers",
            "name": "projects/abhiwa-test-30112023/locations/us-central1/services/frontend-service-1",
            "project": "abhiwa-test-30112023",
            "role": "roles/run.invoker"
          },
          "sensitive_attributes": [],
          "private": "bnVsbA==",
          "dependencies": [
            "module.three_tier_app_backend.google_cloud_run_v2_service.main",
            "module.three_tier_app_backend.google_service_account.sa",
            "module.three_tier_app_cache.google_redis_instance.default",
            "module.three_tier_app_cache.module.enable_apis.data.google_compute_default_service_account.default",
            "module.three_tier_app_cache.module.enable_apis.google_project_iam_member.project_service_identity_roles",
            "module.three_tier_app_cache.module.enable_apis.google_project_service.project_services",
            "module.three_tier_app_cache.module.enable_apis.google_project_service_identity.project_service_identities",
            "module.three_tier_app_database.google_sql_database_instance.default",
            "module.three_tier_app_database.null_resource.module_depends_on",
            "module.three_tier_app_database.random_id.suffix",
            "module.three_tier_app_frontend.google_cloud_run_v2_service.main",
            "module.three_tier_app_frontend.google_service_account.sa"
          ]
        }
      ]
    }
  ],
  "check_results": [
    {
      "object_kind": "var",
      "config_addr": "module.three_tier_app_backend.var.ingress",
      "status": "pass",
      "objects": [
        {
          "object_addr": "module.three_tier_app_backend.var.ingress",
          "status": "pass"
        }
      ]
    },
    {
      "object_kind": "var",
      "config_addr": "module.three_tier_app_backend.var.execution_environment",
      "status": "pass",
      "objects": [
        {
          "object_addr": "module.three_tier_app_backend.var.execution_environment",
          "status": "pass"
        }
      ]
    },
    {
      "object_kind": "var",
      "config_addr": "module.three_tier_app_database.var.database_version",
      "status": "pass",
      "objects": [
        {
          "object_addr": "module.three_tier_app_database.var.database_version",
          "status": "pass"
        }
      ]
    },
    {
      "object_kind": "var",
      "config_addr": "module.three_tier_app_database.var.additional_users",
      "status": "unknown",
      "objects": [
        {
          "object_addr": "module.three_tier_app_database.var.additional_users",
          "status": "unknown"
        }
      ]
    },
    {
      "object_kind": "var",
      "config_addr": "module.three_tier_app_frontend.var.execution_environment",
      "status": "pass",
      "objects": [
        {
          "object_addr": "module.three_tier_app_frontend.var.execution_environment",
          "status": "pass"
        }
      ]
    },
    {
      "object_kind": "var",
      "config_addr": "module.three_tier_app_frontend.var.launch_stage",
      "status": "pass",
      "objects": [
        {
          "object_addr": "module.three_tier_app_frontend.var.launch_stage",
          "status": "pass"
        }
      ]
    },
    {
      "object_kind": "var",
      "config_addr": "module.three_tier_app_frontend.var.ingress",
      "status": "pass",
      "objects": [
        {
          "object_addr": "module.three_tier_app_frontend.var.ingress",
          "status": "pass"
        }
      ]
    },
    {
      "object_kind": "var",
      "config_addr": "module.three_tier_app_backend.var.launch_stage",
      "status": "pass",
      "objects": [
        {
          "object_addr": "module.three_tier_app_backend.var.launch_stage",
          "status": "pass"
        }
      ]
    }
  ]
}
